
Microsoft Visual Studio Solution File, Format Version 12.00
# Visual Studio Version 16
VisualStudioVersion = 16.0.30717.126
MinimumVisualStudioVersion = 10.0.40219.1
Project("{FAE04EC0-301F-11D3-BF4B-00C04F79EFBC}") = "Scout", "Scout\Scout.csproj", "{EC6076C4-6FA7-4F2F-A15B-9DF4FBA6369B}"
EndProject
Project("{FAE04EC0-301F-11D3-BF4B-00C04F79EFBC}") = "Scout.Tests.MSTest", "Scout.Tests.MSTest\Scout.Tests.MSTest.csproj", "{ACB1843B-4ADB-4512-8E40-F8159B8694D8}"
EndProject
Project("{9A19103F-16F7-4668-BE54-9A1E7A4F7556}") = "Scout.Core", "Scout.Core\Scout.Core.csproj", "{EB7D6D77-1059-44F2-B58C-772B6F59E8FB}"
EndProject
Project("{9A19103F-16F7-4668-BE54-9A1E7A4F7556}") = "Scout.Core.Tests.MSTest", "Scout.Core.Tests.MSTest\Scout.Core.Tests.MSTest.csproj", "{FB1C0C7B-CF80-4C6A-BE50-ED827B987D53}"
EndProject
Project("{FAE04EC0-301F-11D3-BF4B-00C04F79EFBC}") = "Launcher", "Launcher\Launcher.csproj", "{D9015404-FE67-4F13-91F4-D99569FCE780}"
EndProject
Project("{C7167F0D-BC9F-4E6E-AFE1-012C56B48DB5}") = "Package", "Package\Package.wapproj", "{3E8F1A65-9C56-4FF0-B850-18131850DCFB}"
EndProject
Global
	GlobalSection(SolutionConfigurationPlatforms) = preSolution
		Debug|Any CPU = Debug|Any CPU
		Debug|ARM = Debug|ARM
		Debug|ARM64 = Debug|ARM64
		Debug|x64 = Debug|x64
		Debug|x86 = Debug|x86
		Release|Any CPU = Release|Any CPU
		Release|ARM = Release|ARM
		Release|ARM64 = Release|ARM64
		Release|x64 = Release|x64
		Release|x86 = Release|x86
	EndGlobalSection
	GlobalSection(ProjectConfigurationPlatforms) = postSolution
		{EC6076C4-6FA7-4F2F-A15B-9DF4FBA6369B}.Debug|Any CPU.ActiveCfg = Debug|x86
		{EC6076C4-6FA7-4F2F-A15B-9DF4FBA6369B}.Debug|ARM.ActiveCfg = Debug|ARM
		{EC6076C4-6FA7-4F2F-A15B-9DF4FBA6369B}.Debug|ARM.Build.0 = Debug|ARM
		{EC6076C4-6FA7-4F2F-A15B-9DF4FBA6369B}.Debug|ARM.Deploy.0 = Debug|ARM
		{EC6076C4-6FA7-4F2F-A15B-9DF4FBA6369B}.Debug|ARM64.ActiveCfg = Debug|ARM64
		{EC6076C4-6FA7-4F2F-A15B-9DF4FBA6369B}.Debug|ARM64.Build.0 = Debug|ARM64
		{EC6076C4-6FA7-4F2F-A15B-9DF4FBA6369B}.Debug|ARM64.Deploy.0 = Debug|ARM64
		{EC6076C4-6FA7-4F2F-A15B-9DF4FBA6369B}.Debug|x64.ActiveCfg = Debug|x64
		{EC6076C4-6FA7-4F2F-A15B-9DF4FBA6369B}.Debug|x64.Build.0 = Debug|x64
		{EC6076C4-6FA7-4F2F-A15B-9DF4FBA6369B}.Debug|x64.Deploy.0 = Debug|x64
		{EC6076C4-6FA7-4F2F-A15B-9DF4FBA6369B}.Debug|x86.ActiveCfg = Debug|x86
		{EC6076C4-6FA7-4F2F-A15B-9DF4FBA6369B}.Debug|x86.Build.0 = Debug|x86
		{EC6076C4-6FA7-4F2F-A15B-9DF4FBA6369B}.Release|Any CPU.ActiveCfg = Release|x86
		{EC6076C4-6FA7-4F2F-A15B-9DF4FBA6369B}.Release|ARM.ActiveCfg = Release|ARM
		{EC6076C4-6FA7-4F2F-A15B-9DF4FBA6369B}.Release|ARM.Build.0 = Release|ARM
		{EC6076C4-6FA7-4F2F-A15B-9DF4FBA6369B}.Release|ARM.Deploy.0 = Release|ARM
		{EC6076C4-6FA7-4F2F-A15B-9DF4FBA6369B}.Release|ARM64.ActiveCfg = Release|ARM64
		{EC6076C4-6FA7-4F2F-A15B-9DF4FBA6369B}.Release|ARM64.Build.0 = Release|ARM64
		{EC6076C4-6FA7-4F2F-A15B-9DF4FBA6369B}.Release|ARM64.Deploy.0 = Release|ARM64
		{EC6076C4-6FA7-4F2F-A15B-9DF4FBA6369B}.Release|x64.ActiveCfg = Release|x64
		{EC6076C4-6FA7-4F2F-A15B-9DF4FBA6369B}.Release|x64.Build.0 = Release|x64
		{EC6076C4-6FA7-4F2F-A15B-9DF4FBA6369B}.Release|x64.Deploy.0 = Release|x64
		{EC6076C4-6FA7-4F2F-A15B-9DF4FBA6369B}.Release|x86.ActiveCfg = Release|x86
		{EC6076C4-6FA7-4F2F-A15B-9DF4FBA6369B}.Release|x86.Build.0 = Release|x86
		{EC6076C4-6FA7-4F2F-A15B-9DF4FBA6369B}.Release|x86.Deploy.0 = Release|x86
		{ACB1843B-4ADB-4512-8E40-F8159B8694D8}.Debug|Any CPU.ActiveCfg = Debug|x86
		{ACB1843B-4ADB-4512-8E40-F8159B8694D8}.Debug|ARM.ActiveCfg = Debug|ARM
		{ACB1843B-4ADB-4512-8E40-F8159B8694D8}.Debug|ARM.Build.0 = Debug|ARM
		{ACB1843B-4ADB-4512-8E40-F8159B8694D8}.Debug|ARM.Deploy.0 = Debug|ARM
		{ACB1843B-4ADB-4512-8E40-F8159B8694D8}.Debug|ARM64.ActiveCfg = Debug|x86
		{ACB1843B-4ADB-4512-8E40-F8159B8694D8}.Debug|x64.ActiveCfg = Debug|x64
		{ACB1843B-4ADB-4512-8E40-F8159B8694D8}.Debug|x64.Build.0 = Debug|x64
		{ACB1843B-4ADB-4512-8E40-F8159B8694D8}.Debug|x64.Deploy.0 = Debug|x64
		{ACB1843B-4ADB-4512-8E40-F8159B8694D8}.Debug|x86.ActiveCfg = Debug|x86
		{ACB1843B-4ADB-4512-8E40-F8159B8694D8}.Debug|x86.Build.0 = Debug|x86
		{ACB1843B-4ADB-4512-8E40-F8159B8694D8}.Debug|x86.Deploy.0 = Debug|x86
		{ACB1843B-4ADB-4512-8E40-F8159B8694D8}.Release|Any CPU.ActiveCfg = Release|x86
		{ACB1843B-4ADB-4512-8E40-F8159B8694D8}.Release|ARM.ActiveCfg = Release|ARM
		{ACB1843B-4ADB-4512-8E40-F8159B8694D8}.Release|ARM.Build.0 = Release|ARM
		{ACB1843B-4ADB-4512-8E40-F8159B8694D8}.Release|ARM.Deploy.0 = Release|ARM
		{ACB1843B-4ADB-4512-8E40-F8159B8694D8}.Release|ARM64.ActiveCfg = Release|x86
		{ACB1843B-4ADB-4512-8E40-F8159B8694D8}.Release|x64.ActiveCfg = Release|x64
		{ACB1843B-4ADB-4512-8E40-F8159B8694D8}.Release|x64.Build.0 = Release|x64
		{ACB1843B-4ADB-4512-8E40-F8159B8694D8}.Release|x64.Deploy.0 = Release|x64
		{ACB1843B-4ADB-4512-8E40-F8159B8694D8}.Release|x86.ActiveCfg = Release|x86
		{ACB1843B-4ADB-4512-8E40-F8159B8694D8}.Release|x86.Build.0 = Release|x86
		{ACB1843B-4ADB-4512-8E40-F8159B8694D8}.Release|x86.Deploy.0 = Release|x86
		{EB7D6D77-1059-44F2-B58C-772B6F59E8FB}.Debug|Any CPU.ActiveCfg = Debug|Any CPU
		{EB7D6D77-1059-44F2-B58C-772B6F59E8FB}.Debug|Any CPU.Build.0 = Debug|Any CPU
		{EB7D6D77-1059-44F2-B58C-772B6F59E8FB}.Debug|ARM.ActiveCfg = Debug|Any CPU
		{EB7D6D77-1059-44F2-B58C-772B6F59E8FB}.Debug|ARM.Build.0 = Debug|Any CPU
		{EB7D6D77-1059-44F2-B58C-772B6F59E8FB}.Debug|ARM64.ActiveCfg = Debug|Any CPU
		{EB7D6D77-1059-44F2-B58C-772B6F59E8FB}.Debug|ARM64.Build.0 = Debug|Any CPU
		{EB7D6D77-1059-44F2-B58C-772B6F59E8FB}.Debug|x64.ActiveCfg = Debug|Any CPU
		{EB7D6D77-1059-44F2-B58C-772B6F59E8FB}.Debug|x64.Build.0 = Debug|Any CPU
		{EB7D6D77-1059-44F2-B58C-772B6F59E8FB}.Debug|x86.ActiveCfg = Debug|Any CPU
		{EB7D6D77-1059-44F2-B58C-772B6F59E8FB}.Debug|x86.Build.0 = Debug|Any CPU
		{EB7D6D77-1059-44F2-B58C-772B6F59E8FB}.Release|Any CPU.ActiveCfg = Release|Any CPU
		{EB7D6D77-1059-44F2-B58C-772B6F59E8FB}.Release|Any CPU.Build.0 = Release|Any CPU
		{EB7D6D77-1059-44F2-B58C-772B6F59E8FB}.Release|ARM.ActiveCfg = Release|Any CPU
		{EB7D6D77-1059-44F2-B58C-772B6F59E8FB}.Release|ARM.Build.0 = Release|Any CPU
		{EB7D6D77-1059-44F2-B58C-772B6F59E8FB}.Release|ARM64.ActiveCfg = Release|Any CPU
		{EB7D6D77-1059-44F2-B58C-772B6F59E8FB}.Release|ARM64.Build.0 = Release|Any CPU
		{EB7D6D77-1059-44F2-B58C-772B6F59E8FB}.Release|x64.ActiveCfg = Release|Any CPU
		{EB7D6D77-1059-44F2-B58C-772B6F59E8FB}.Release|x64.Build.0 = Release|Any CPU
		{EB7D6D77-1059-44F2-B58C-772B6F59E8FB}.Release|x86.ActiveCfg = Release|Any CPU
		{EB7D6D77-1059-44F2-B58C-772B6F59E8FB}.Release|x86.Build.0 = Release|Any CPU
		{FB1C0C7B-CF80-4C6A-BE50-ED827B987D53}.Debug|Any CPU.ActiveCfg = Debug|Any CPU
		{FB1C0C7B-CF80-4C6A-BE50-ED827B987D53}.Debug|Any CPU.Build.0 = Debug|Any CPU
		{FB1C0C7B-CF80-4C6A-BE50-ED827B987D53}.Debug|ARM.ActiveCfg = Debug|Any CPU
		{FB1C0C7B-CF80-4C6A-BE50-ED827B987D53}.Debug|ARM.Build.0 = Debug|Any CPU
		{FB1C0C7B-CF80-4C6A-BE50-ED827B987D53}.Debug|ARM64.ActiveCfg = Debug|Any CPU
		{FB1C0C7B-CF80-4C6A-BE50-ED827B987D53}.Debug|ARM64.Build.0 = Debug|Any CPU
		{FB1C0C7B-CF80-4C6A-BE50-ED827B987D53}.Debug|x64.ActiveCfg = Debug|Any CPU
		{FB1C0C7B-CF80-4C6A-BE50-ED827B987D53}.Debug|x64.Build.0 = Debug|Any CPU
		{FB1C0C7B-CF80-4C6A-BE50-ED827B987D53}.Debug|x86.ActiveCfg = Debug|Any CPU
		{FB1C0C7B-CF80-4C6A-BE50-ED827B987D53}.Debug|x86.Build.0 = Debug|Any CPU
		{FB1C0C7B-CF80-4C6A-BE50-ED827B987D53}.Release|Any CPU.ActiveCfg = Release|Any CPU
		{FB1C0C7B-CF80-4C6A-BE50-ED827B987D53}.Release|Any CPU.Build.0 = Release|Any CPU
		{FB1C0C7B-CF80-4C6A-BE50-ED827B987D53}.Release|ARM.ActiveCfg = Release|Any CPU
		{FB1C0C7B-CF80-4C6A-BE50-ED827B987D53}.Release|ARM.Build.0 = Release|Any CPU
		{FB1C0C7B-CF80-4C6A-BE50-ED827B987D53}.Release|ARM64.ActiveCfg = Release|Any CPU
		{FB1C0C7B-CF80-4C6A-BE50-ED827B987D53}.Release|ARM64.Build.0 = Release|Any CPU
		{FB1C0C7B-CF80-4C6A-BE50-ED827B987D53}.Release|x64.ActiveCfg = Release|Any CPU
		{FB1C0C7B-CF80-4C6A-BE50-ED827B987D53}.Release|x64.Build.0 = Release|Any CPU
		{FB1C0C7B-CF80-4C6A-BE50-ED827B987D53}.Release|x86.ActiveCfg = Release|Any CPU
		{FB1C0C7B-CF80-4C6A-BE50-ED827B987D53}.Release|x86.Build.0 = Release|Any CPU
		{D9015404-FE67-4F13-91F4-D99569FCE780}.Debug|Any CPU.ActiveCfg = Debug|Any CPU
		{D9015404-FE67-4F13-91F4-D99569FCE780}.Debug|Any CPU.Build.0 = Debug|Any CPU
		{D9015404-FE67-4F13-91F4-D99569FCE780}.Debug|ARM.ActiveCfg = Debug|Any CPU
		{D9015404-FE67-4F13-91F4-D99569FCE780}.Debug|ARM.Build.0 = Debug|Any CPU
		{D9015404-FE67-4F13-91F4-D99569FCE780}.Debug|ARM64.ActiveCfg = Debug|Any CPU
		{D9015404-FE67-4F13-91F4-D99569FCE780}.Debug|ARM64.Build.0 = Debug|Any CPU
		{D9015404-FE67-4F13-91F4-D99569FCE780}.Debug|x64.ActiveCfg = Debug|Any CPU
		{D9015404-FE67-4F13-91F4-D99569FCE780}.Debug|x64.Build.0 = Debug|Any CPU
		{D9015404-FE67-4F13-91F4-D99569FCE780}.Debug|x86.ActiveCfg = Debug|Any CPU
		{D9015404-FE67-4F13-91F4-D99569FCE780}.Debug|x86.Build.0 = Debug|Any CPU
		{D9015404-FE67-4F13-91F4-D99569FCE780}.Release|Any CPU.ActiveCfg = Release|Any CPU
		{D9015404-FE67-4F13-91F4-D99569FCE780}.Release|Any CPU.Build.0 = Release|Any CPU
		{D9015404-FE67-4F13-91F4-D99569FCE780}.Release|ARM.ActiveCfg = Release|Any CPU
		{D9015404-FE67-4F13-91F4-D99569FCE780}.Release|ARM.Build.0 = Release|Any CPU
		{D9015404-FE67-4F13-91F4-D99569FCE780}.Release|ARM64.ActiveCfg = Release|Any CPU
		{D9015404-FE67-4F13-91F4-D99569FCE780}.Release|ARM64.Build.0 = Release|Any CPU
		{D9015404-FE67-4F13-91F4-D99569FCE780}.Release|x64.ActiveCfg = Release|Any CPU
		{D9015404-FE67-4F13-91F4-D99569FCE780}.Release|x64.Build.0 = Release|Any CPU
		{D9015404-FE67-4F13-91F4-D99569FCE780}.Release|x86.ActiveCfg = Release|Any CPU
		{D9015404-FE67-4F13-91F4-D99569FCE780}.Release|x86.Build.0 = Release|Any CPU
		{3E8F1A65-9C56-4FF0-B850-18131850DCFB}.Debug|Any CPU.ActiveCfg = Debug|Any CPU
		{3E8F1A65-9C56-4FF0-B850-18131850DCFB}.Debug|Any CPU.Build.0 = Debug|Any CPU
		{3E8F1A65-9C56-4FF0-B850-18131850DCFB}.Debug|Any CPU.Deploy.0 = Debug|Any CPU
		{3E8F1A65-9C56-4FF0-B850-18131850DCFB}.Debug|ARM.ActiveCfg = Debug|ARM
		{3E8F1A65-9C56-4FF0-B850-18131850DCFB}.Debug|ARM.Build.0 = Debug|ARM
		{3E8F1A65-9C56-4FF0-B850-18131850DCFB}.Debug|ARM.Deploy.0 = Debug|ARM
		{3E8F1A65-9C56-4FF0-B850-18131850DCFB}.Debug|ARM64.ActiveCfg = Debug|ARM64
		{3E8F1A65-9C56-4FF0-B850-18131850DCFB}.Debug|ARM64.Build.0 = Debug|ARM64
		{3E8F1A65-9C56-4FF0-B850-18131850DCFB}.Debug|ARM64.Deploy.0 = Debug|ARM64
		{3E8F1A65-9C56-4FF0-B850-18131850DCFB}.Debug|x64.ActiveCfg = Debug|x64
		{3E8F1A65-9C56-4FF0-B850-18131850DCFB}.Debug|x64.Build.0 = Debug|x64
		{3E8F1A65-9C56-4FF0-B850-18131850DCFB}.Debug|x64.Deploy.0 = Debug|x64
		{3E8F1A65-9C56-4FF0-B850-18131850DCFB}.Debug|x86.ActiveCfg = Debug|x86
		{3E8F1A65-9C56-4FF0-B850-18131850DCFB}.Debug|x86.Build.0 = Debug|x86
		{3E8F1A65-9C56-4FF0-B850-18131850DCFB}.Debug|x86.Deploy.0 = Debug|x86
		{3E8F1A65-9C56-4FF0-B850-18131850DCFB}.Release|Any CPU.ActiveCfg = Release|Any CPU
		{3E8F1A65-9C56-4FF0-B850-18131850DCFB}.Release|Any CPU.Build.0 = Release|Any CPU
		{3E8F1A65-9C56-4FF0-B850-18131850DCFB}.Release|Any CPU.Deploy.0 = Release|Any CPU
		{3E8F1A65-9C56-4FF0-B850-18131850DCFB}.Release|ARM.ActiveCfg = Release|ARM
		{3E8F1A65-9C56-4FF0-B850-18131850DCFB}.Release|ARM.Build.0 = Release|ARM
		{3E8F1A65-9C56-4FF0-B850-18131850DCFB}.Release|ARM.Deploy.0 = Release|ARM
		{3E8F1A65-9C56-4FF0-B850-18131850DCFB}.Release|ARM64.ActiveCfg = Release|ARM64
		{3E8F1A65-9C56-4FF0-B850-18131850DCFB}.Release|ARM64.Build.0 = Release|ARM64
		{3E8F1A65-9C56-4FF0-B850-18131850DCFB}.Release|ARM64.Deploy.0 = Release|ARM64
		{3E8F1A65-9C56-4FF0-B850-18131850DCFB}.Release|x64.ActiveCfg = Release|x64
		{3E8F1A65-9C56-4FF0-B850-18131850DCFB}.Release|x64.Build.0 = Release|x64
		{3E8F1A65-9C56-4FF0-B850-18131850DCFB}.Release|x64.Deploy.0 = Release|x64
		{3E8F1A65-9C56-4FF0-B850-18131850DCFB}.Release|x86.ActiveCfg = Release|x86
		{3E8F1A65-9C56-4FF0-B850-18131850DCFB}.Release|x86.Build.0 = Release|x86
		{3E8F1A65-9C56-4FF0-B850-18131850DCFB}.Release|x86.Deploy.0 = Release|x86
	EndGlobalSection
	GlobalSection(SolutionProperties) = preSolution
		HideSolutionNode = FALSE
	EndGlobalSection
	GlobalSection(ExtensibilityGlobals) = postSolution
		SolutionGuid = {8A5C30B5-ECC0-40B0-8D1A-8B557976AFAF}
	EndGlobalSection
EndGlobal
